Microsoft Visual Studio Solution File, Format Version 12.00
# Visual Studio Version 16
VisualStudioVersion = 16.0.31205.134
MinimumVisualStudioVersion = 10.0.40219.1
Project("{FAE04EC0-301F-11D3-BF4B-00C04F79EFBC}") = "FifaLibrary14", "FifaLibrary14\FifaLibrary14.csproj", "{A3B0AD02-3B52-4E38-9147-FB3033676565}"
EndProject
Project("{FAE04EC0-301F-11D3-BF4B-00C04F79EFBC}") = "FifaControls", "FifaControls\FifaControls.csproj", "{296063E9-98EC-4EBC-8C21-3B7D92FB96C7}"
	ProjectSection(ProjectDependencies) = postProject
		{A3B0AD02-3B52-4E38-9147-FB3033676565} = {A3B0AD02-3B52-4E38-9147-FB3033676565}
	EndProjectSection
EndProject
Project("{FAE04EC0-301F-11D3-BF4B-00C04F79EFBC}") = "CreationMaster17", "CreationMaster17\CreationMaster17.csproj", "{B43581D8-ED3D-4B4C-AFF2-4195BC331AE9}"
EndProject
Global
	GlobalSection(SolutionConfigurationPlatforms) = preSolution
		Debug|Any CPU = Debug|Any CPU
		Debug|x64 = Debug|x64
		Debug|x86 = Debug|x86
		DebugServer|Any CPU = DebugServer|Any CPU
		DebugServer|x64 = DebugServer|x64
		DebugServer|x86 = DebugServer|x86
		Master|Any CPU = Master|Any CPU
		Master|x64 = Master|x64
		Master|x86 = Master|x86
		MasterServer|Any CPU = MasterServer|Any CPU
		MasterServer|x64 = MasterServer|x64
		MasterServer|x86 = MasterServer|x86
		MasterServerWithLTCG|Any CPU = MasterServerWithLTCG|Any CPU
		MasterServerWithLTCG|x64 = MasterServerWithLTCG|x64
		MasterServerWithLTCG|x86 = MasterServerWithLTCG|x86
		MasterWithLTCG|Any CPU = MasterWithLTCG|Any CPU
		MasterWithLTCG|x64 = MasterWithLTCG|x64
		MasterWithLTCG|x86 = MasterWithLTCG|x86
		Release|Any CPU = Release|Any CPU
		Release|x64 = Release|x64
		Release|x86 = Release|x86
		ReleaseServer|Any CPU = ReleaseServer|Any CPU
		ReleaseServer|x64 = ReleaseServer|x64
		ReleaseServer|x86 = ReleaseServer|x86
	EndGlobalSection
	GlobalSection(ProjectConfigurationPlatforms) = postSolution
		{A3B0AD02-3B52-4E38-9147-FB3033676565}.Debug|Any CPU.ActiveCfg = Debug|Any CPU
		{A3B0AD02-3B52-4E38-9147-FB3033676565}.Debug|Any CPU.Build.0 = Debug|Any CPU
		{A3B0AD02-3B52-4E38-9147-FB3033676565}.Debug|x64.ActiveCfg = Debug|Any CPU
		{A3B0AD02-3B52-4E38-9147-FB3033676565}.Debug|x64.Build.0 = Debug|Any CPU
		{A3B0AD02-3B52-4E38-9147-FB3033676565}.Debug|x86.ActiveCfg = Debug|Any CPU
		{A3B0AD02-3B52-4E38-9147-FB3033676565}.Debug|x86.Build.0 = Debug|Any CPU
		{A3B0AD02-3B52-4E38-9147-FB3033676565}.DebugServer|Any CPU.ActiveCfg = Debug|Any CPU
		{A3B0AD02-3B52-4E38-9147-FB3033676565}.DebugServer|Any CPU.Build.0 = Debug|Any CPU
		{A3B0AD02-3B52-4E38-9147-FB3033676565}.DebugServer|x64.ActiveCfg = Debug|Any CPU
		{A3B0AD02-3B52-4E38-9147-FB3033676565}.DebugServer|x64.Build.0 = Debug|Any CPU
		{A3B0AD02-3B52-4E38-9147-FB3033676565}.DebugServer|x86.ActiveCfg = Debug|Any CPU
		{A3B0AD02-3B52-4E38-9147-FB3033676565}.DebugServer|x86.Build.0 = Debug|Any CPU
		{A3B0AD02-3B52-4E38-9147-FB3033676565}.Master|Any CPU.ActiveCfg = Release|Any CPU
		{A3B0AD02-3B52-4E38-9147-FB3033676565}.Master|Any CPU.Build.0 = Release|Any CPU
		{A3B0AD02-3B52-4E38-9147-FB3033676565}.Master|x64.ActiveCfg = Release|Any CPU
		{A3B0AD02-3B52-4E38-9147-FB3033676565}.Master|x64.Build.0 = Release|Any CPU
		{A3B0AD02-3B52-4E38-9147-FB3033676565}.Master|x86.ActiveCfg = Release|Any CPU
		{A3B0AD02-3B52-4E38-9147-FB3033676565}.Master|x86.Build.0 = Release|Any CPU
		{A3B0AD02-3B52-4E38-9147-FB3033676565}.MasterServer|Any CPU.ActiveCfg = Release|Any CPU
		{A3B0AD02-3B52-4E38-9147-FB3033676565}.MasterServer|Any CPU.Build.0 = Release|Any CPU
		{A3B0AD02-3B52-4E38-9147-FB3033676565}.MasterServer|x64.ActiveCfg = Release|Any CPU
		{A3B0AD02-3B52-4E38-9147-FB3033676565}.MasterServer|x64.Build.0 = Release|Any CPU
		{A3B0AD02-3B52-4E38-9147-FB3033676565}.MasterServer|x86.ActiveCfg = Release|Any CPU
		{A3B0AD02-3B52-4E38-9147-FB3033676565}.MasterServer|x86.Build.0 = Release|Any CPU
		{A3B0AD02-3B52-4E38-9147-FB3033676565}.MasterServerWithLTCG|Any CPU.ActiveCfg = Release|Any CPU
		{A3B0AD02-3B52-4E38-9147-FB3033676565}.MasterServerWithLTCG|Any CPU.Build.0 = Release|Any CPU
		{A3B0AD02-3B52-4E38-9147-FB3033676565}.MasterServerWithLTCG|x64.ActiveCfg = Release|Any CPU
		{A3B0AD02-3B52-4E38-9147-FB3033676565}.MasterServerWithLTCG|x64.Build.0 = Release|Any CPU
		{A3B0AD02-3B52-4E38-9147-FB3033676565}.MasterServerWithLTCG|x86.ActiveCfg = Release|Any CPU
		{A3B0AD02-3B52-4E38-9147-FB3033676565}.MasterServerWithLTCG|x86.Build.0 = Release|Any CPU
		{A3B0AD02-3B52-4E38-9147-FB3033676565}.MasterWithLTCG|Any CPU.ActiveCfg = Release|Any CPU
		{A3B0AD02-3B52-4E38-9147-FB3033676565}.MasterWithLTCG|Any CPU.Build.0 = Release|Any CPU
		{A3B0AD02-3B52-4E38-9147-FB3033676565}.MasterWithLTCG|x64.ActiveCfg = Release|Any CPU
		{A3B0AD02-3B52-4E38-9147-FB3033676565}.MasterWithLTCG|x64.Build.0 = Release|Any CPU
		{A3B0AD02-3B52-4E38-9147-FB3033676565}.MasterWithLTCG|x86.ActiveCfg = Release|Any CPU
		{A3B0AD02-3B52-4E38-9147-FB3033676565}.MasterWithLTCG|x86.Build.0 = Release|Any CPU
		{A3B0AD02-3B52-4E38-9147-FB3033676565}.Release|Any CPU.ActiveCfg = Release|Any CPU
		{A3B0AD02-3B52-4E38-9147-FB3033676565}.Release|Any CPU.Build.0 = Release|Any CPU
		{A3B0AD02-3B52-4E38-9147-FB3033676565}.Release|x64.ActiveCfg = Release|Any CPU
		{A3B0AD02-3B52-4E38-9147-FB3033676565}.Release|x64.Build.0 = Release|Any CPU
		{A3B0AD02-3B52-4E38-9147-FB3033676565}.Release|x86.ActiveCfg = Release|Any CPU
		{A3B0AD02-3B52-4E38-9147-FB3033676565}.Release|x86.Build.0 = Release|Any CPU
		{A3B0AD02-3B52-4E38-9147-FB3033676565}.ReleaseServer|Any CPU.ActiveCfg = Release|Any CPU
		{A3B0AD02-3B52-4E38-9147-FB3033676565}.ReleaseServer|Any CPU.Build.0 = Release|Any CPU
		{A3B0AD02-3B52-4E38-9147-FB3033676565}.ReleaseServer|x64.ActiveCfg = Release|Any CPU
		{A3B0AD02-3B52-4E38-9147-FB3033676565}.ReleaseServer|x64.Build.0 = Release|Any CPU
		{A3B0AD02-3B52-4E38-9147-FB3033676565}.ReleaseServer|x86.ActiveCfg = Release|Any CPU
		{A3B0AD02-3B52-4E38-9147-FB3033676565}.ReleaseServer|x86.Build.0 = Release|Any CPU
		{296063E9-98EC-4EBC-8C21-3B7D92FB96C7}.Debug|Any CPU.ActiveCfg = Debug|Any CPU
		{296063E9-98EC-4EBC-8C21-3B7D92FB96C7}.Debug|Any CPU.Build.0 = Debug|Any CPU
		{296063E9-98EC-4EBC-8C21-3B7D92FB96C7}.Debug|x64.ActiveCfg = Debug|Any CPU
		{296063E9-98EC-4EBC-8C21-3B7D92FB96C7}.Debug|x64.Build.0 = Debug|Any CPU
		{296063E9-98EC-4EBC-8C21-3B7D92FB96C7}.Debug|x86.ActiveCfg = Debug|Any CPU
		{296063E9-98EC-4EBC-8C21-3B7D92FB96C7}.Debug|x86.Build.0 = Debug|Any CPU
		{296063E9-98EC-4EBC-8C21-3B7D92FB96C7}.DebugServer|Any CPU.ActiveCfg = Debug|Any CPU
		{296063E9-98EC-4EBC-8C21-3B7D92FB96C7}.DebugServer|Any CPU.Build.0 = Debug|Any CPU
		{296063E9-98EC-4EBC-8C21-3B7D92FB96C7}.DebugServer|x64.ActiveCfg = Debug|Any CPU
		{296063E9-98EC-4EBC-8C21-3B7D92FB96C7}.DebugServer|x64.Build.0 = Debug|Any CPU
		{296063E9-98EC-4EBC-8C21-3B7D92FB96C7}.DebugServer|x86.ActiveCfg = Debug|Any CPU
		{296063E9-98EC-4EBC-8C21-3B7D92FB96C7}.DebugServer|x86.Build.0 = Debug|Any CPU
		{296063E9-98EC-4EBC-8C21-3B7D92FB96C7}.Master|Any CPU.ActiveCfg = Release|Any CPU
		{296063E9-98EC-4EBC-8C21-3B7D92FB96C7}.Master|Any CPU.Build.0 = Release|Any CPU
		{296063E9-98EC-4EBC-8C21-3B7D92FB96C7}.Master|x64.ActiveCfg = Release|Any CPU
		{296063E9-98EC-4EBC-8C21-3B7D92FB96C7}.Master|x64.Build.0 = Release|Any CPU
		{296063E9-98EC-4EBC-8C21-3B7D92FB96C7}.Master|x86.ActiveCfg = Release|Any CPU
		{296063E9-98EC-4EBC-8C21-3B7D92FB96C7}.Master|x86.Build.0 = Release|Any CPU
		{296063E9-98EC-4EBC-8C21-3B7D92FB96C7}.MasterServer|Any CPU.ActiveCfg = Release|Any CPU
		{296063E9-98EC-4EBC-8C21-3B7D92FB96C7}.MasterServer|Any CPU.Build.0 = Release|Any CPU
		{296063E9-98EC-4EBC-8C21-3B7D92FB96C7}.MasterServer|x64.ActiveCfg = Release|Any CPU
		{296063E9-98EC-4EBC-8C21-3B7D92FB96C7}.MasterServer|x64.Build.0 = Release|Any CPU
		{296063E9-98EC-4EBC-8C21-3B7D92FB96C7}.MasterServer|x86.ActiveCfg = Release|Any CPU
		{296063E9-98EC-4EBC-8C21-3B7D92FB96C7}.MasterServer|x86.Build.0 = Release|Any CPU
		{296063E9-98EC-4EBC-8C21-3B7D92FB96C7}.MasterServerWithLTCG|Any CPU.ActiveCfg = Release|Any CPU
		{296063E9-98EC-4EBC-8C21-3B7D92FB96C7}.MasterServerWithLTCG|Any CPU.Build.0 = Release|Any CPU
		{296063E9-98EC-4EBC-8C21-3B7D92FB96C7}.MasterServerWithLTCG|x64.ActiveCfg = Release|Any CPU
		{296063E9-98EC-4EBC-8C21-3B7D92FB96C7}.MasterServerWithLTCG|x64.Build.0 = Release|Any CPU
		{296063E9-98EC-4EBC-8C21-3B7D92FB96C7}.MasterServerWithLTCG|x86.ActiveCfg = Release|Any CPU
		{296063E9-98EC-4EBC-8C21-3B7D92FB96C7}.MasterServerWithLTCG|x86.Build.0 = Release|Any CPU
		{296063E9-98EC-4EBC-8C21-3B7D92FB96C7}.MasterWithLTCG|Any CPU.ActiveCfg = Release|Any CPU
		{296063E9-98EC-4EBC-8C21-3B7D92FB96C7}.MasterWithLTCG|Any CPU.Build.0 = Release|Any CPU
		{296063E9-98EC-4EBC-8C21-3B7D92FB96C7}.MasterWithLTCG|x64.ActiveCfg = Release|Any CPU
		{296063E9-98EC-4EBC-8C21-3B7D92FB96C7}.MasterWithLTCG|x64.Build.0 = Release|Any CPU
		{296063E9-98EC-4EBC-8C21-3B7D92FB96C7}.MasterWithLTCG|x86.ActiveCfg = Release|Any CPU
		{296063E9-98EC-4EBC-8C21-3B7D92FB96C7}.MasterWithLTCG|x86.Build.0 = Release|Any CPU
		{296063E9-98EC-4EBC-8C21-3B7D92FB96C7}.Release|Any CPU.ActiveCfg = Release|Any CPU
		{296063E9-98EC-4EBC-8C21-3B7D92FB96C7}.Release|Any CPU.Build.0 = Release|Any CPU
		{296063E9-98EC-4EBC-8C21-3B7D92FB96C7}.Release|x64.ActiveCfg = Release|Any CPU
		{296063E9-98EC-4EBC-8C21-3B7D92FB96C7}.Release|x64.Build.0 = Release|Any CPU
		{296063E9-98EC-4EBC-8C21-3B7D92FB96C7}.Release|x86.ActiveCfg = Release|Any CPU
		{296063E9-98EC-4EBC-8C21-3B7D92FB96C7}.Release|x86.Build.0 = Release|Any CPU
		{296063E9-98EC-4EBC-8C21-3B7D92FB96C7}.ReleaseServer|Any CPU.ActiveCfg = Release|Any CPU
		{296063E9-98EC-4EBC-8C21-3B7D92FB96C7}.ReleaseServer|Any CPU.Build.0 = Release|Any CPU
		{296063E9-98EC-4EBC-8C21-3B7D92FB96C7}.ReleaseServer|x64.ActiveCfg = Release|Any CPU
		{296063E9-98EC-4EBC-8C21-3B7D92FB96C7}.ReleaseServer|x64.Build.0 = Release|Any CPU
		{296063E9-98EC-4EBC-8C21-3B7D92FB96C7}.ReleaseServer|x86.ActiveCfg = Release|Any CPU
		{296063E9-98EC-4EBC-8C21-3B7D92FB96C7}.ReleaseServer|x86.Build.0 = Release|Any CPU
		{B43581D8-ED3D-4B4C-AFF2-4195BC331AE9}.Debug|Any CPU.ActiveCfg = Debug|Any CPU
		{B43581D8-ED3D-4B4C-AFF2-4195BC331AE9}.Debug|Any CPU.Build.0 = Debug|Any CPU
		{B43581D8-ED3D-4B4C-AFF2-4195BC331AE9}.Debug|x64.ActiveCfg = Debug|Any CPU
		{B43581D8-ED3D-4B4C-AFF2-4195BC331AE9}.Debug|x64.Build.0 = Debug|Any CPU
		{B43581D8-ED3D-4B4C-AFF2-4195BC331AE9}.Debug|x86.ActiveCfg = Debug|Any CPU
		{B43581D8-ED3D-4B4C-AFF2-4195BC331AE9}.Debug|x86.Build.0 = Debug|Any CPU
		{B43581D8-ED3D-4B4C-AFF2-4195BC331AE9}.DebugServer|Any CPU.ActiveCfg = Debug|Any CPU
		{B43581D8-ED3D-4B4C-AFF2-4195BC331AE9}.DebugServer|Any CPU.Build.0 = Debug|Any CPU
		{B43581D8-ED3D-4B4C-AFF2-4195BC331AE9}.DebugServer|x64.ActiveCfg = Debug|Any CPU
		{B43581D8-ED3D-4B4C-AFF2-4195BC331AE9}.DebugServer|x64.Build.0 = Debug|Any CPU
		{B43581D8-ED3D-4B4C-AFF2-4195BC331AE9}.DebugServer|x86.ActiveCfg = Debug|Any CPU
		{B43581D8-ED3D-4B4C-AFF2-4195BC331AE9}.DebugServer|x86.Build.0 = Debug|Any CPU
		{B43581D8-ED3D-4B4C-AFF2-4195BC331AE9}.Master|Any CPU.ActiveCfg = Debug|Any CPU
		{B43581D8-ED3D-4B4C-AFF2-4195BC331AE9}.Master|Any CPU.Build.0 = Debug|Any CPU
		{B43581D8-ED3D-4B4C-AFF2-4195BC331AE9}.Master|x64.ActiveCfg = Debug|Any CPU
		{B43581D8-ED3D-4B4C-AFF2-4195BC331AE9}.Master|x64.Build.0 = Debug|Any CPU
		{B43581D8-ED3D-4B4C-AFF2-4195BC331AE9}.Master|x86.ActiveCfg = Debug|Any CPU
		{B43581D8-ED3D-4B4C-AFF2-4195BC331AE9}.Master|x86.Build.0 = Debug|Any CPU
		{B43581D8-ED3D-4B4C-AFF2-4195BC331AE9}.MasterServer|Any CPU.ActiveCfg = Debug|Any CPU
		{B43581D8-ED3D-4B4C-AFF2-4195BC331AE9}.MasterServer|Any CPU.Build.0 = Debug|Any CPU
		{B43581D8-ED3D-4B4C-AFF2-4195BC331AE9}.MasterServer|x64.ActiveCfg = Debug|Any CPU
		{B43581D8-ED3D-4B4C-AFF2-4195BC331AE9}.MasterServer|x64.Build.0 = Debug|Any CPU
		{B43581D8-ED3D-4B4C-AFF2-4195BC331AE9}.MasterServer|x86.ActiveCfg = Debug|Any CPU
		{B43581D8-ED3D-4B4C-AFF2-4195BC331AE9}.MasterServer|x86.Build.0 = Debug|Any CPU
		{B43581D8-ED3D-4B4C-AFF2-4195BC331AE9}.MasterServerWithLTCG|Any CPU.ActiveCfg = Debug|Any CPU
		{B43581D8-ED3D-4B4C-AFF2-4195BC331AE9}.MasterServerWithLTCG|Any CPU.Build.0 = Debug|Any CPU
		{B43581D8-ED3D-4B4C-AFF2-4195BC331AE9}.MasterServerWithLTCG|x64.ActiveCfg = Debug|Any CPU
		{B43581D8-ED3D-4B4C-AFF2-4195BC331AE9}.MasterServerWithLTCG|x64.Build.0 = Debug|Any CPU
		{B43581D8-ED3D-4B4C-AFF2-4195BC331AE9}.MasterServerWithLTCG|x86.ActiveCfg = Debug|Any CPU
		{B43581D8-ED3D-4B4C-AFF2-4195BC331AE9}.MasterServerWithLTCG|x86.Build.0 = Debug|Any CPU
		{B43581D8-ED3D-4B4C-AFF2-4195BC331AE9}.MasterWithLTCG|Any CPU.ActiveCfg = Debug|Any CPU
		{B43581D8-ED3D-4B4C-AFF2-4195BC331AE9}.MasterWithLTCG|Any CPU.Build.0 = Debug|Any CPU
		{B43581D8-ED3D-4B4C-AFF2-4195BC331AE9}.MasterWithLTCG|x64.ActiveCfg = Debug|Any CPU
		{B43581D8-ED3D-4B4C-AFF2-4195BC331AE9}.MasterWithLTCG|x64.Build.0 = Debug|Any CPU
		{B43581D8-ED3D-4B4C-AFF2-4195BC331AE9}.MasterWithLTCG|x86.ActiveCfg = Debug|Any CPU
		{B43581D8-ED3D-4B4C-AFF2-4195BC331AE9}.MasterWithLTCG|x86.Build.0 = Debug|Any CPU
		{B43581D8-ED3D-4B4C-AFF2-4195BC331AE9}.Release|Any CPU.ActiveCfg = Release|Any CPU
		{B43581D8-ED3D-4B4C-AFF2-4195BC331AE9}.Release|Any CPU.Build.0 = Release|Any CPU
		{B43581D8-ED3D-4B4C-AFF2-4195BC331AE9}.Release|x64.ActiveCfg = Release|Any CPU
		{B43581D8-ED3D-4B4C-AFF2-4195BC331AE9}.Release|x64.Build.0 = Release|Any CPU
		{B43581D8-ED3D-4B4C-AFF2-4195BC331AE9}.Release|x86.ActiveCfg = Release|Any CPU
		{B43581D8-ED3D-4B4C-AFF2-4195BC331AE9}.Release|x86.Build.0 = Release|Any CPU
		{B43581D8-ED3D-4B4C-AFF2-4195BC331AE9}.ReleaseServer|Any CPU.ActiveCfg = Release|Any CPU
		{B43581D8-ED3D-4B4C-AFF2-4195BC331AE9}.ReleaseServer|Any CPU.Build.0 = Release|Any CPU
		{B43581D8-ED3D-4B4C-AFF2-4195BC331AE9}.ReleaseServer|x64.ActiveCfg = Release|Any CPU
		{B43581D8-ED3D-4B4C-AFF2-4195BC331AE9}.ReleaseServer|x64.Build.0 = Release|Any CPU
		{B43581D8-ED3D-4B4C-AFF2-4195BC331AE9}.ReleaseServer|x86.ActiveCfg = Release|Any CPU
		{B43581D8-ED3D-4B4C-AFF2-4195BC331AE9}.ReleaseServer|x86.Build.0 = Release|Any CPU
	EndGlobalSection
	GlobalSection(SolutionProperties) = preSolution
		HideSolutionNode = FALSE
	EndGlobalSection
	GlobalSection(ExtensibilityGlobals) = postSolution
		SolutionGuid = {B88C055E-59E7-4DAE-BD92-E73E3FE50E13}
	EndGlobalSection
EndGlobal
